
Microsoft Visual Studio Solution File, Format Version 12.00
# Visual Studio 15
VisualStudioVersion = 15.0.28307.421
MinimumVisualStudioVersion = 10.0.40219.1
Project("{FAE04EC0-301F-11D3-BF4B-00C04F79EFBC}") = "bd", "bd\bd.csproj", "{6BF311D5-B8F5-4FF4-9EBD-783888B0529C}"
EndProject
Global
	GlobalSection(SolutionConfigurationPlatforms) = preSolution
		Debug|Any CPU = Debug|Any CPU
		Release|Any CPU = Release|Any CPU
	EndGlobalSection
	GlobalSection(ProjectConfigurationPlatforms) = postSolution
		{6BF311D5-B8F5-4FF4-9EBD-783888B0529C}.Debug|Any CPU.ActiveCfg = Debug|Any CPU
		{6BF311D5-B8F5-4FF4-9EBD-783888B0529C}.Debug|Any CPU.Build.0 = Debug|Any CPU
		{6BF311D5-B8F5-4FF4-9EBD-783888B0529C}.Release|Any CPU.ActiveCfg = Release|Any CPU
		{6BF311D5-B8F5-4FF4-9EBD-783888B0529C}.Release|Any CPU.Build.0 = Release|Any CPU
	EndGlobalSection
	GlobalSection(SolutionProperties) = preSolution
		HideSolutionNode = FALSE
	EndGlobalSection
	GlobalSection(ExtensibilityGlobals) = postSolution
		SolutionGuid = {525D8847-975E-4F40-91E5-BF8F8BB5076C}
	EndGlobalSection
EndGlobal
